{
  "object": {
    "pins": [
      {
        "package": "BaseToolbox",
        "repositoryURL": "http://github.com/NeverAgain11/BaseToolbox",
        "state": {
          "branch": null,
          "revision": "1940b9170cece7926abbe811ec0590e14f0f99f6",
          "version": null
        }
      }
    ]
  },
  "version": 1
}
