{
  "object": {
    "pins": [
      {
        "package": "BaseToolbox",
        "repositoryURL": "http://github.com/NeverAgain11/BaseToolbox",
        "state": {
          "branch": null,
          "revision": "1940b9170cece7926abbe811ec0590e14f0f99f6",
          "version": null
        }
      },
      {
        "package": "Kingfisher",
        "repositoryURL": "https://github.com/onevcat/Kingfisher",
        "state": {
          "branch": null,
          "revision": "44450a8f564d7c0165f736ba2250649ff8d3e556",
          "version": "6.3.0"
        }
      }
    ]
  },
  "version": 1
}
